Microsoft Visual Studio Solution File, Format Version 11.00
# Visual Studio 2008

Project("{423B6DC2-5FC0-8CAE-0F9F-62709AE41945}") = "2D-Sem8", "Assembly-CSharp.csproj", "{B85203A1-FA32-6ED9-46F6-0973C54761F3}"
EndProject
Global
	GlobalSection(SolutionConfigurationPlatforms) = preSolution
		Debug|Any CPU = Debug|Any CPU
		Release|Any CPU = Release|Any CPU
	EndGlobalSection
	GlobalSection(ProjectConfigurationPlatforms) = postSolution
		{B85203A1-FA32-6ED9-46F6-0973C54761F3}.Debug|Any CPU.ActiveCfg = Debug|Any CPU
		{B85203A1-FA32-6ED9-46F6-0973C54761F3}.Debug|Any CPU.Build.0 = Debug|Any CPU
		{B85203A1-FA32-6ED9-46F6-0973C54761F3}.Release|Any CPU.ActiveCfg = Release|Any CPU
		{B85203A1-FA32-6ED9-46F6-0973C54761F3}.Release|Any CPU.Build.0 = Release|Any CPU
	EndGlobalSection
	GlobalSection(SolutionProperties) = preSolution
		HideSolutionNode = FALSE
	EndGlobalSection
	GlobalSection(MonoDevelopProperties) = preSolution
		StartupItem = Assembly-CSharp.csproj
	EndGlobalSection
EndGlobal
