
Microsoft Visual Studio Solution File, Format Version 12.00
# Visual Studio 2015
Project("{FAE04EC0-301F-11D3-BF4B-00C04F79EFBC}") = "2D-Sem8.CSharp", "2D-Sem8.CSharp.csproj", "{4691ADD7-7A9C-3B45-9135-F201B27995EA}"
EndProject
Global
	GlobalSection(SolutionConfigurationPlatforms) = preSolution
		Debug|Any CPU = Debug|Any CPU
		Release|Any CPU = Release|Any CPU
	EndGlobalSection
	GlobalSection(ProjectConfigurationPlatforms) = postSolution
		{4691ADD7-7A9C-3B45-9135-F201B27995EA}.Debug|Any CPU.ActiveCfg = Debug|Any CPU
		{4691ADD7-7A9C-3B45-9135-F201B27995EA}.Debug|Any CPU.Build.0 = Debug|Any CPU
		{4691ADD7-7A9C-3B45-9135-F201B27995EA}.Release|Any CPU.ActiveCfg = Release|Any CPU
		{4691ADD7-7A9C-3B45-9135-F201B27995EA}.Release|Any CPU.Build.0 = Release|Any CPU
	EndGlobalSection
	GlobalSection(SolutionProperties) = preSolution
		HideSolutionNode = FALSE
	EndGlobalSection
EndGlobal
